
Microsoft Visual Studio Solution File, Format Version 12.00
# Visual Studio Version 16
VisualStudioVersion = 16.0.33214.272
MinimumVisualStudioVersion = 10.0.40219.1
Project("{FAE04EC0-301F-11D3-BF4B-00C04F79EFBC}") = "Mission04_pdg13", "Mission04_pdg13\Mission04_pdg13.csproj", "{49233C10-D27F-4D20-8E7C-73AFE2992F2F}"
EndProject
Global
	GlobalSection(SolutionConfigurationPlatforms) = preSolution
		Debug|Any CPU = Debug|Any CPU
		Release|Any CPU = Release|Any CPU
	EndGlobalSection
	GlobalSection(ProjectConfigurationPlatforms) = postSolution
		{49233C10-D27F-4D20-8E7C-73AFE2992F2F}.Debug|Any CPU.ActiveCfg = Debug|Any CPU
		{49233C10-D27F-4D20-8E7C-73AFE2992F2F}.Debug|Any CPU.Build.0 = Debug|Any CPU
		{49233C10-D27F-4D20-8E7C-73AFE2992F2F}.Release|Any CPU.ActiveCfg = Release|Any CPU
		{49233C10-D27F-4D20-8E7C-73AFE2992F2F}.Release|Any CPU.Build.0 = Release|Any CPU
	EndGlobalSection
	GlobalSection(SolutionProperties) = preSolution
		HideSolutionNode = FALSE
	EndGlobalSection
	GlobalSection(ExtensibilityGlobals) = postSolution
		SolutionGuid = {16185094-76D0-4ACA-B7F8-F85A254B3746}
	EndGlobalSection
EndGlobal
